
Microsoft Visual Studio Solution File, Format Version 12.00
# Visual Studio Version 17
VisualStudioVersion = 17.1.32228.430
MinimumVisualStudioVersion = 10.0.40219.1
Project("{9A19103F-16F7-4668-BE54-9A1E7A4F7556}") = "ERP.Server", "ERP.Server\ERP.Server.csproj", "{4537C007-AD69-4560-B7B0-2D49399FEE42}"
EndProject
Project("{9A19103F-16F7-4668-BE54-9A1E7A4F7556}") = "ERP.BaseLib", "ERP.Lib\ERP.BaseLib.csproj", "{9F9BFA26-04B4-44FD-8959-8D095F98F8D6}"
EndProject
Project("{9A19103F-16F7-4668-BE54-9A1E7A4F7556}") = "ERP.Commands", "ERP.Commands\ERP.Commands.csproj", "{2C0D564E-7D9C-48F1-86EB-41661EB31BAC}"
EndProject
Project("{9A19103F-16F7-4668-BE54-9A1E7A4F7556}") = "ERP.IO", "ERP.IO\ERP.IO.csproj", "{D16A8B57-7BFB-4D13-A4E8-3619FCA02A36}"
EndProject
Project("{9A19103F-16F7-4668-BE54-9A1E7A4F7556}") = "ERP.Business", "ERP.Business\ERP.Business.csproj", "{21820F89-FD07-4F24-B39D-9DF639C1E86A}"
EndProject
Project("{9A19103F-16F7-4668-BE54-9A1E7A4F7556}") = "ERP.Exceptions", "ERP.Exceptions\ERP.Exceptions.csproj", "{5EF38CCB-D28D-4D46-B354-AD24E48D1531}"
EndProject
Project("{2150E333-8FDC-42A3-9474-1A3956D46DE8}") = "Test", "Test", "{0E75AB64-0FE4-4671-AA90-27D64D27A2E3}"
EndProject
Project("{2150E333-8FDC-42A3-9474-1A3956D46DE8}") = "Client", "Client", "{CBA6DEBE-9D4E-49EA-A758-8ED48C0F561E}"
EndProject
Project("{2150E333-8FDC-42A3-9474-1A3956D46DE8}") = "Server", "Server", "{AEF5F5C4-799B-4147-A2D4-B39C2695AFDC}"
EndProject
Project("{2150E333-8FDC-42A3-9474-1A3956D46DE8}") = "Public", "Public", "{8654F256-2038-4C08-A6B9-2BAB658FE35D}"
EndProject
Project("{9A19103F-16F7-4668-BE54-9A1E7A4F7556}") = "ERP.Test.Public.Library", "ERP.Test.Public.Library\ERP.Test.Public.Library.csproj", "{9029F8DB-34BE-4EA5-B3D9-642CE6AFF116}"
EndProject
Project("{9A19103F-16F7-4668-BE54-9A1E7A4F7556}") = "ERP.Test.Server.Library", "ERP.Test.Server.Library\ERP.Test.Server.Library.csproj", "{90F21DCA-A3E3-493B-B2FB-18680293084C}"
EndProject
Project("{9A19103F-16F7-4668-BE54-9A1E7A4F7556}") = "ERP.Test.Client.Library", "ERP.Test.Client.Library\ERP.Test.Client.Library.csproj", "{41E2EA90-4D2E-49FF-8D7D-DE930F143017}"
EndProject
Project("{9A19103F-16F7-4668-BE54-9A1E7A4F7556}") = "ERP.Test.Client.App", "ERP.Test.Client.App\ERP.Test.Client.App.csproj", "{67270CE8-882B-4E9A-BE21-6717AA69C834}"
EndProject
Project("{9A19103F-16F7-4668-BE54-9A1E7A4F7556}") = "ERP.Test.Server.App", "ERP.Test.Server.App\ERP.Test.Server.App.csproj", "{BD674041-46C0-4861-A632-3BC7687E2146}"
EndProject
Project("{9A19103F-16F7-4668-BE54-9A1E7A4F7556}") = "ERP.Windows.WF", "ERP.Windows.WF\ERP.Windows.WF.csproj", "{86991F38-7F09-412D-8914-2C5BC74B8FDA}"
EndProject
Project("{9A19103F-16F7-4668-BE54-9A1E7A4F7556}") = "ERP.Test.Client.WindowsApp", "ERP.Test.Client.WindowsApp\ERP.Test.Client.WindowsApp.csproj", "{564A32CA-A5E1-467E-9526-92EF2E8BFA8C}"
EndProject
Project("{9A19103F-16F7-4668-BE54-9A1E7A4F7556}") = "ERP.Windows.WF.Binding", "ERP.Windows.WF.Binding\ERP.Windows.WF.Binding.csproj", "{383BF4A5-560A-4F4F-96FF-404F7139B28E}"
EndProject
Project("{9A19103F-16F7-4668-BE54-9A1E7A4F7556}") = "ERP.Windows.WF.BindableControlSet", "ERP.Windows.WF.BindableControlSet\ERP.Windows.WF.BindableControlSet.csproj", "{AEDB920A-2BC5-480B-A174-0025D7222250}"
EndProject
Project("{9A19103F-16F7-4668-BE54-9A1E7A4F7556}") = "OUTPUT--ERP--General", "OUTPUT--ERP--General\OUTPUT--ERP--General.csproj", "{6D0C0B02-FE12-4775-920D-1CEAE53E3303}"
EndProject
Project("{9A19103F-16F7-4668-BE54-9A1E7A4F7556}") = "OUTPUT--ERP--Windows", "OUTPUT--ERP--Windows\OUTPUT--ERP--Windows.csproj", "{F20B466C-C3EC-452D-9E1B-CD8174A724C9}"
EndProject
Project("{9A19103F-16F7-4668-BE54-9A1E7A4F7556}") = "ERP.Parsing", "ERP.Parsing\ERP.Parsing.csproj", "{773B011A-5CDA-4A5B-9DBF-B4E7780AB614}"
EndProject
Project("{9A19103F-16F7-4668-BE54-9A1E7A4F7556}") = "ERP.Test.Client.WebApp", "ERP.Test.Client.WebApp\ERP.Test.Client.WebApp.csproj", "{C3A0F7C9-C698-4872-80C9-C7193314D49A}"
EndProject
Project("{9A19103F-16F7-4668-BE54-9A1E7A4F7556}") = "ERP.Web.Razor.Components", "ERP.Web.Razor.Components\ERP.Web.Razor.Components.csproj", "{2083E672-87F9-49DC-B50A-ED90CFBB662B}"
EndProject
Project("{9A19103F-16F7-4668-BE54-9A1E7A4F7556}") = "OUTPUT--ERP--Web", "OUTPUT--ERP--Web\OUTPUT--ERP--Web.csproj", "{32C29C09-980D-46FC-B924-51D24C4BF994}"
EndProject
Global
	GlobalSection(SolutionConfigurationPlatforms) = preSolution
		Debug|Any CPU = Debug|Any CPU
		Release|Any CPU = Release|Any CPU
	EndGlobalSection
	GlobalSection(ProjectConfigurationPlatforms) = postSolution
		{4537C007-AD69-4560-B7B0-2D49399FEE42}.Debug|Any CPU.ActiveCfg = Debug|Any CPU
		{4537C007-AD69-4560-B7B0-2D49399FEE42}.Debug|Any CPU.Build.0 = Debug|Any CPU
		{4537C007-AD69-4560-B7B0-2D49399FEE42}.Release|Any CPU.ActiveCfg = Release|Any CPU
		{4537C007-AD69-4560-B7B0-2D49399FEE42}.Release|Any CPU.Build.0 = Release|Any CPU
		{9F9BFA26-04B4-44FD-8959-8D095F98F8D6}.Debug|Any CPU.ActiveCfg = Debug|Any CPU
		{9F9BFA26-04B4-44FD-8959-8D095F98F8D6}.Debug|Any CPU.Build.0 = Debug|Any CPU
		{9F9BFA26-04B4-44FD-8959-8D095F98F8D6}.Release|Any CPU.ActiveCfg = Release|Any CPU
		{9F9BFA26-04B4-44FD-8959-8D095F98F8D6}.Release|Any CPU.Build.0 = Release|Any CPU
		{2C0D564E-7D9C-48F1-86EB-41661EB31BAC}.Debug|Any CPU.ActiveCfg = Debug|Any CPU
		{2C0D564E-7D9C-48F1-86EB-41661EB31BAC}.Debug|Any CPU.Build.0 = Debug|Any CPU
		{2C0D564E-7D9C-48F1-86EB-41661EB31BAC}.Release|Any CPU.ActiveCfg = Release|Any CPU
		{2C0D564E-7D9C-48F1-86EB-41661EB31BAC}.Release|Any CPU.Build.0 = Release|Any CPU
		{D16A8B57-7BFB-4D13-A4E8-3619FCA02A36}.Debug|Any CPU.ActiveCfg = Debug|Any CPU
		{D16A8B57-7BFB-4D13-A4E8-3619FCA02A36}.Debug|Any CPU.Build.0 = Debug|Any CPU
		{D16A8B57-7BFB-4D13-A4E8-3619FCA02A36}.Release|Any CPU.ActiveCfg = Release|Any CPU
		{D16A8B57-7BFB-4D13-A4E8-3619FCA02A36}.Release|Any CPU.Build.0 = Release|Any CPU
		{21820F89-FD07-4F24-B39D-9DF639C1E86A}.Debug|Any CPU.ActiveCfg = Debug|Any CPU
		{21820F89-FD07-4F24-B39D-9DF639C1E86A}.Debug|Any CPU.Build.0 = Debug|Any CPU
		{21820F89-FD07-4F24-B39D-9DF639C1E86A}.Release|Any CPU.ActiveCfg = Release|Any CPU
		{21820F89-FD07-4F24-B39D-9DF639C1E86A}.Release|Any CPU.Build.0 = Release|Any CPU
		{5EF38CCB-D28D-4D46-B354-AD24E48D1531}.Debug|Any CPU.ActiveCfg = Debug|Any CPU
		{5EF38CCB-D28D-4D46-B354-AD24E48D1531}.Debug|Any CPU.Build.0 = Debug|Any CPU
		{5EF38CCB-D28D-4D46-B354-AD24E48D1531}.Release|Any CPU.ActiveCfg = Release|Any CPU
		{5EF38CCB-D28D-4D46-B354-AD24E48D1531}.Release|Any CPU.Build.0 = Release|Any CPU
		{9029F8DB-34BE-4EA5-B3D9-642CE6AFF116}.Debug|Any CPU.ActiveCfg = Debug|Any CPU
		{9029F8DB-34BE-4EA5-B3D9-642CE6AFF116}.Debug|Any CPU.Build.0 = Debug|Any CPU
		{9029F8DB-34BE-4EA5-B3D9-642CE6AFF116}.Release|Any CPU.ActiveCfg = Release|Any CPU
		{9029F8DB-34BE-4EA5-B3D9-642CE6AFF116}.Release|Any CPU.Build.0 = Release|Any CPU
		{90F21DCA-A3E3-493B-B2FB-18680293084C}.Debug|Any CPU.ActiveCfg = Debug|Any CPU
		{90F21DCA-A3E3-493B-B2FB-18680293084C}.Debug|Any CPU.Build.0 = Debug|Any CPU
		{90F21DCA-A3E3-493B-B2FB-18680293084C}.Release|Any CPU.ActiveCfg = Release|Any CPU
		{90F21DCA-A3E3-493B-B2FB-18680293084C}.Release|Any CPU.Build.0 = Release|Any CPU
		{41E2EA90-4D2E-49FF-8D7D-DE930F143017}.Debug|Any CPU.ActiveCfg = Debug|Any CPU
		{41E2EA90-4D2E-49FF-8D7D-DE930F143017}.Debug|Any CPU.Build.0 = Debug|Any CPU
		{41E2EA90-4D2E-49FF-8D7D-DE930F143017}.Release|Any CPU.ActiveCfg = Release|Any CPU
		{41E2EA90-4D2E-49FF-8D7D-DE930F143017}.Release|Any CPU.Build.0 = Release|Any CPU
		{67270CE8-882B-4E9A-BE21-6717AA69C834}.Debug|Any CPU.ActiveCfg = Debug|Any CPU
		{67270CE8-882B-4E9A-BE21-6717AA69C834}.Debug|Any CPU.Build.0 = Debug|Any CPU
		{67270CE8-882B-4E9A-BE21-6717AA69C834}.Release|Any CPU.ActiveCfg = Release|Any CPU
		{67270CE8-882B-4E9A-BE21-6717AA69C834}.Release|Any CPU.Build.0 = Release|Any CPU
		{BD674041-46C0-4861-A632-3BC7687E2146}.Debug|Any CPU.ActiveCfg = Debug|Any CPU
		{BD674041-46C0-4861-A632-3BC7687E2146}.Debug|Any CPU.Build.0 = Debug|Any CPU
		{BD674041-46C0-4861-A632-3BC7687E2146}.Release|Any CPU.ActiveCfg = Release|Any CPU
		{BD674041-46C0-4861-A632-3BC7687E2146}.Release|Any CPU.Build.0 = Release|Any CPU
		{86991F38-7F09-412D-8914-2C5BC74B8FDA}.Debug|Any CPU.ActiveCfg = Debug|Any CPU
		{86991F38-7F09-412D-8914-2C5BC74B8FDA}.Debug|Any CPU.Build.0 = Debug|Any CPU
		{86991F38-7F09-412D-8914-2C5BC74B8FDA}.Release|Any CPU.ActiveCfg = Release|Any CPU
		{86991F38-7F09-412D-8914-2C5BC74B8FDA}.Release|Any CPU.Build.0 = Release|Any CPU
		{564A32CA-A5E1-467E-9526-92EF2E8BFA8C}.Debug|Any CPU.ActiveCfg = Debug|Any CPU
		{564A32CA-A5E1-467E-9526-92EF2E8BFA8C}.Debug|Any CPU.Build.0 = Debug|Any CPU
		{564A32CA-A5E1-467E-9526-92EF2E8BFA8C}.Release|Any CPU.ActiveCfg = Release|Any CPU
		{564A32CA-A5E1-467E-9526-92EF2E8BFA8C}.Release|Any CPU.Build.0 = Release|Any CPU
		{383BF4A5-560A-4F4F-96FF-404F7139B28E}.Debug|Any CPU.ActiveCfg = Debug|Any CPU
		{383BF4A5-560A-4F4F-96FF-404F7139B28E}.Debug|Any CPU.Build.0 = Debug|Any CPU
		{383BF4A5-560A-4F4F-96FF-404F7139B28E}.Release|Any CPU.ActiveCfg = Release|Any CPU
		{383BF4A5-560A-4F4F-96FF-404F7139B28E}.Release|Any CPU.Build.0 = Release|Any CPU
		{AEDB920A-2BC5-480B-A174-0025D7222250}.Debug|Any CPU.ActiveCfg = Debug|Any CPU
		{AEDB920A-2BC5-480B-A174-0025D7222250}.Debug|Any CPU.Build.0 = Debug|Any CPU
		{AEDB920A-2BC5-480B-A174-0025D7222250}.Release|Any CPU.ActiveCfg = Release|Any CPU
		{AEDB920A-2BC5-480B-A174-0025D7222250}.Release|Any CPU.Build.0 = Release|Any CPU
		{6D0C0B02-FE12-4775-920D-1CEAE53E3303}.Debug|Any CPU.ActiveCfg = Debug|Any CPU
		{6D0C0B02-FE12-4775-920D-1CEAE53E3303}.Debug|Any CPU.Build.0 = Debug|Any CPU
		{6D0C0B02-FE12-4775-920D-1CEAE53E3303}.Release|Any CPU.ActiveCfg = Release|Any CPU
		{6D0C0B02-FE12-4775-920D-1CEAE53E3303}.Release|Any CPU.Build.0 = Release|Any CPU
		{F20B466C-C3EC-452D-9E1B-CD8174A724C9}.Debug|Any CPU.ActiveCfg = Debug|Any CPU
		{F20B466C-C3EC-452D-9E1B-CD8174A724C9}.Debug|Any CPU.Build.0 = Debug|Any CPU
		{F20B466C-C3EC-452D-9E1B-CD8174A724C9}.Release|Any CPU.ActiveCfg = Release|Any CPU
		{F20B466C-C3EC-452D-9E1B-CD8174A724C9}.Release|Any CPU.Build.0 = Release|Any CPU
		{773B011A-5CDA-4A5B-9DBF-B4E7780AB614}.Debug|Any CPU.ActiveCfg = Debug|Any CPU
		{773B011A-5CDA-4A5B-9DBF-B4E7780AB614}.Debug|Any CPU.Build.0 = Debug|Any CPU
		{773B011A-5CDA-4A5B-9DBF-B4E7780AB614}.Release|Any CPU.ActiveCfg = Release|Any CPU
		{773B011A-5CDA-4A5B-9DBF-B4E7780AB614}.Release|Any CPU.Build.0 = Release|Any CPU
		{C3A0F7C9-C698-4872-80C9-C7193314D49A}.Debug|Any CPU.ActiveCfg = Debug|Any CPU
		{C3A0F7C9-C698-4872-80C9-C7193314D49A}.Debug|Any CPU.Build.0 = Debug|Any CPU
		{C3A0F7C9-C698-4872-80C9-C7193314D49A}.Release|Any CPU.ActiveCfg = Release|Any CPU
		{C3A0F7C9-C698-4872-80C9-C7193314D49A}.Release|Any CPU.Build.0 = Release|Any CPU
		{2083E672-87F9-49DC-B50A-ED90CFBB662B}.Debug|Any CPU.ActiveCfg = Debug|Any CPU
		{2083E672-87F9-49DC-B50A-ED90CFBB662B}.Debug|Any CPU.Build.0 = Debug|Any CPU
		{2083E672-87F9-49DC-B50A-ED90CFBB662B}.Release|Any CPU.ActiveCfg = Release|Any CPU
		{2083E672-87F9-49DC-B50A-ED90CFBB662B}.Release|Any CPU.Build.0 = Release|Any CPU
		{32C29C09-980D-46FC-B924-51D24C4BF994}.Debug|Any CPU.ActiveCfg = Debug|Any CPU
		{32C29C09-980D-46FC-B924-51D24C4BF994}.Debug|Any CPU.Build.0 = Debug|Any CPU
		{32C29C09-980D-46FC-B924-51D24C4BF994}.Release|Any CPU.ActiveCfg = Release|Any CPU
		{32C29C09-980D-46FC-B924-51D24C4BF994}.Release|Any CPU.Build.0 = Release|Any CPU
	EndGlobalSection
	GlobalSection(SolutionProperties) = preSolution
		HideSolutionNode = FALSE
	EndGlobalSection
	GlobalSection(NestedProjects) = preSolution
		{CBA6DEBE-9D4E-49EA-A758-8ED48C0F561E} = {0E75AB64-0FE4-4671-AA90-27D64D27A2E3}
		{AEF5F5C4-799B-4147-A2D4-B39C2695AFDC} = {0E75AB64-0FE4-4671-AA90-27D64D27A2E3}
		{8654F256-2038-4C08-A6B9-2BAB658FE35D} = {0E75AB64-0FE4-4671-AA90-27D64D27A2E3}
		{9029F8DB-34BE-4EA5-B3D9-642CE6AFF116} = {8654F256-2038-4C08-A6B9-2BAB658FE35D}
		{90F21DCA-A3E3-493B-B2FB-18680293084C} = {AEF5F5C4-799B-4147-A2D4-B39C2695AFDC}
		{41E2EA90-4D2E-49FF-8D7D-DE930F143017} = {CBA6DEBE-9D4E-49EA-A758-8ED48C0F561E}
		{67270CE8-882B-4E9A-BE21-6717AA69C834} = {CBA6DEBE-9D4E-49EA-A758-8ED48C0F561E}
		{BD674041-46C0-4861-A632-3BC7687E2146} = {AEF5F5C4-799B-4147-A2D4-B39C2695AFDC}
		{564A32CA-A5E1-467E-9526-92EF2E8BFA8C} = {CBA6DEBE-9D4E-49EA-A758-8ED48C0F561E}
		{C3A0F7C9-C698-4872-80C9-C7193314D49A} = {CBA6DEBE-9D4E-49EA-A758-8ED48C0F561E}
	EndGlobalSection
	GlobalSection(ExtensibilityGlobals) = postSolution
		SolutionGuid = {06984C70-6C6F-48AE-9BA1-7FCB4F367DAB}
	EndGlobalSection
EndGlobal
